
Microsoft Visual Studio Solution File, Format Version 12.00
# Visual Studio Version 16
VisualStudioVersion = 16.0.28803.352
MinimumVisualStudioVersion = 10.0.40219.1
Project("{2150E333-8FDC-42A3-9474-1A3956D46DE8}") = "Libraries", "Libraries", "{7FF7F314-871A-4B42-ABCB-9D2FB5D14188}"
EndProject
Project("{2150E333-8FDC-42A3-9474-1A3956D46DE8}") = "Samples", "Samples", "{B668AD02-69CA-43EA-ACDD-AE0DD4D2C598}"
EndProject
Project("{2150E333-8FDC-42A3-9474-1A3956D46DE8}") = "Misc", "Misc", "{ABCECF51-68A9-44EE-B8BA-73969C9B3895}"
	ProjectSection(SolutionItems) = preProject
		.editorconfig = .editorconfig
		appveyor.yml = appveyor.yml
		icon.png = icon.png
		LICENSE = LICENSE
		README.md = README.md
	EndProjectSection
EndProject
Project("{9A19103F-16F7-4668-BE54-9A1E7A4F7556}") = "ZigBeeNet.PlayGround", "samples\ZigBeeNet.PlayGround\ZigBeeNet.PlayGround.csproj", "{8D086719-5BFD-4AC3-812A-93543AF2CE34}"
EndProject
Project("{2150E333-8FDC-42A3-9474-1A3956D46DE8}") = "AutoCode", "AutoCode", "{695B6CC9-6267-41E3-A086-3C6B9A180A34}"
EndProject
Project("{9A19103F-16F7-4668-BE54-9A1E7A4F7556}") = "ZigBeeNet.CodeGenerator", "autocode\ZigBeeNet.CodeGenerator\ZigBeeNet.CodeGenerator.csproj", "{C78C7D47-C11F-40CF-93D7-3D763A56FD0F}"
EndProject
Project("{9A19103F-16F7-4668-BE54-9A1E7A4F7556}") = "ZigBeeNet.Transport.SerialPort", "libraries\ZigBeeNet.Transport.SerialPort\ZigBeeNet.Transport.SerialPort.csproj", "{A6ACF46E-AC48-4B80-829D-C9ABCEAE94A0}"
EndProject
Project("{9A19103F-16F7-4668-BE54-9A1E7A4F7556}") = "ZigBeeNet.Test", "test\ZigBeeNet.Test\ZigBeeNet.Test.csproj", "{C355C1F4-2466-47F6-A060-17347A151009}"
EndProject
Project("{9A19103F-16F7-4668-BE54-9A1E7A4F7556}") = "ZigBeeNet.Hardware.TI.CC2531.Test", "test\ZigBeeNet.Hardware.TI.CC2531.Test\ZigBeeNet.Hardware.TI.CC2531.Test.csproj", "{FC480F2E-ACBC-467F-B6D4-6DF7156691B8}"
EndProject
Project("{D954291E-2A0B-460D-934E-DC6B0785DB48}") = "ZigBeeNet.Hardware.Digi.XBee", "libraries\ZigBeeNet.Hardware.Digi.XBee\ZigBeeNet.Hardware.Digi.XBee.csproj", "{F33FA6E6-8D2E-42E7-8538-3437D1E996CA}"
EndProject
Project("{9A19103F-16F7-4668-BE54-9A1E7A4F7556}") = "ZigBeeNet.Digi.XBee.CodeGenerator", "autocode\ZigBeeNet.Digi.XBee.CodeGenerator\ZigBeeNet.Digi.XBee.CodeGenerator.csproj", "{515C2B3A-3A21-4EC9-9103-B3F841490B1B}"
EndProject
Project("{2150E333-8FDC-42A3-9474-1A3956D46DE8}") = "Test", "Test", "{603D29D9-83CE-4B81-BD59-A77F529E4494}"
EndProject
Project("{9A19103F-16F7-4668-BE54-9A1E7A4F7556}") = "ZigBeeNet.Hardware.Digi.XBee.Test", "test\ZigBeeNet.Hardware.Digi.XBee.Test\ZigBeeNet.Hardware.Digi.XBee.Test.csproj", "{BE87AA32-91C2-47EF-93F2-097526A900AB}"
EndProject
Project("{9A19103F-16F7-4668-BE54-9A1E7A4F7556}") = "ZigBeeNet.Hardware.TI.CC2531", "libraries\ZigBeeNet.Hardware.TI.CC2531\ZigBeeNet.Hardware.TI.CC2531.csproj", "{EB0EAFB9-264C-4A54-99AA-CBA21E4AC3EA}"
EndProject
Project("{9A19103F-16F7-4668-BE54-9A1E7A4F7556}") = "ZigBeeNet", "libraries\ZigBeeNet\ZigBeeNet.csproj", "{EF96A94B-BCB9-40ED-BB61-E131D2FBB380}"
EndProject
Global
	GlobalSection(SolutionConfigurationPlatforms) = preSolution
		Debug|Any CPU = Debug|Any CPU
		Release|Any CPU = Release|Any CPU
	EndGlobalSection
	GlobalSection(ProjectConfigurationPlatforms) = postSolution
		{8D086719-5BFD-4AC3-812A-93543AF2CE34}.Debug|Any CPU.ActiveCfg = Debug|Any CPU
		{8D086719-5BFD-4AC3-812A-93543AF2CE34}.Debug|Any CPU.Build.0 = Debug|Any CPU
		{8D086719-5BFD-4AC3-812A-93543AF2CE34}.Release|Any CPU.ActiveCfg = Release|Any CPU
		{8D086719-5BFD-4AC3-812A-93543AF2CE34}.Release|Any CPU.Build.0 = Release|Any CPU
		{C78C7D47-C11F-40CF-93D7-3D763A56FD0F}.Debug|Any CPU.ActiveCfg = Debug|Any CPU
		{C78C7D47-C11F-40CF-93D7-3D763A56FD0F}.Debug|Any CPU.Build.0 = Debug|Any CPU
		{C78C7D47-C11F-40CF-93D7-3D763A56FD0F}.Release|Any CPU.ActiveCfg = Release|Any CPU
		{C78C7D47-C11F-40CF-93D7-3D763A56FD0F}.Release|Any CPU.Build.0 = Release|Any CPU
		{A6ACF46E-AC48-4B80-829D-C9ABCEAE94A0}.Debug|Any CPU.ActiveCfg = Debug|Any CPU
		{A6ACF46E-AC48-4B80-829D-C9ABCEAE94A0}.Debug|Any CPU.Build.0 = Debug|Any CPU
		{A6ACF46E-AC48-4B80-829D-C9ABCEAE94A0}.Release|Any CPU.ActiveCfg = Release|Any CPU
		{A6ACF46E-AC48-4B80-829D-C9ABCEAE94A0}.Release|Any CPU.Build.0 = Release|Any CPU
		{C355C1F4-2466-47F6-A060-17347A151009}.Debug|Any CPU.ActiveCfg = Debug|Any CPU
		{C355C1F4-2466-47F6-A060-17347A151009}.Debug|Any CPU.Build.0 = Debug|Any CPU
		{C355C1F4-2466-47F6-A060-17347A151009}.Release|Any CPU.ActiveCfg = Release|Any CPU
		{C355C1F4-2466-47F6-A060-17347A151009}.Release|Any CPU.Build.0 = Release|Any CPU
		{FC480F2E-ACBC-467F-B6D4-6DF7156691B8}.Debug|Any CPU.ActiveCfg = Debug|Any CPU
		{FC480F2E-ACBC-467F-B6D4-6DF7156691B8}.Debug|Any CPU.Build.0 = Debug|Any CPU
		{FC480F2E-ACBC-467F-B6D4-6DF7156691B8}.Release|Any CPU.ActiveCfg = Release|Any CPU
		{FC480F2E-ACBC-467F-B6D4-6DF7156691B8}.Release|Any CPU.Build.0 = Release|Any CPU
		{F33FA6E6-8D2E-42E7-8538-3437D1E996CA}.Debug|Any CPU.ActiveCfg = Debug|Any CPU
		{F33FA6E6-8D2E-42E7-8538-3437D1E996CA}.Debug|Any CPU.Build.0 = Debug|Any CPU
		{F33FA6E6-8D2E-42E7-8538-3437D1E996CA}.Release|Any CPU.ActiveCfg = Release|Any CPU
		{F33FA6E6-8D2E-42E7-8538-3437D1E996CA}.Release|Any CPU.Build.0 = Release|Any CPU
		{515C2B3A-3A21-4EC9-9103-B3F841490B1B}.Debug|Any CPU.ActiveCfg = Debug|Any CPU
		{515C2B3A-3A21-4EC9-9103-B3F841490B1B}.Debug|Any CPU.Build.0 = Debug|Any CPU
		{515C2B3A-3A21-4EC9-9103-B3F841490B1B}.Release|Any CPU.ActiveCfg = Release|Any CPU
		{515C2B3A-3A21-4EC9-9103-B3F841490B1B}.Release|Any CPU.Build.0 = Release|Any CPU
		{BE87AA32-91C2-47EF-93F2-097526A900AB}.Debug|Any CPU.ActiveCfg = Debug|Any CPU
		{BE87AA32-91C2-47EF-93F2-097526A900AB}.Debug|Any CPU.Build.0 = Debug|Any CPU
		{BE87AA32-91C2-47EF-93F2-097526A900AB}.Release|Any CPU.ActiveCfg = Release|Any CPU
		{BE87AA32-91C2-47EF-93F2-097526A900AB}.Release|Any CPU.Build.0 = Release|Any CPU
		{EB0EAFB9-264C-4A54-99AA-CBA21E4AC3EA}.Debug|Any CPU.ActiveCfg = Debug|Any CPU
		{EB0EAFB9-264C-4A54-99AA-CBA21E4AC3EA}.Debug|Any CPU.Build.0 = Debug|Any CPU
		{EB0EAFB9-264C-4A54-99AA-CBA21E4AC3EA}.Release|Any CPU.ActiveCfg = Release|Any CPU
		{EB0EAFB9-264C-4A54-99AA-CBA21E4AC3EA}.Release|Any CPU.Build.0 = Release|Any CPU
		{EF96A94B-BCB9-40ED-BB61-E131D2FBB380}.Debug|Any CPU.ActiveCfg = Debug|Any CPU
		{EF96A94B-BCB9-40ED-BB61-E131D2FBB380}.Debug|Any CPU.Build.0 = Debug|Any CPU
		{EF96A94B-BCB9-40ED-BB61-E131D2FBB380}.Release|Any CPU.ActiveCfg = Release|Any CPU
		{EF96A94B-BCB9-40ED-BB61-E131D2FBB380}.Release|Any CPU.Build.0 = Release|Any CPU
	EndGlobalSection
	GlobalSection(SolutionProperties) = preSolution
		HideSolutionNode = FALSE
	EndGlobalSection
	GlobalSection(NestedProjects) = preSolution
		{8D086719-5BFD-4AC3-812A-93543AF2CE34} = {B668AD02-69CA-43EA-ACDD-AE0DD4D2C598}
		{C78C7D47-C11F-40CF-93D7-3D763A56FD0F} = {695B6CC9-6267-41E3-A086-3C6B9A180A34}
		{A6ACF46E-AC48-4B80-829D-C9ABCEAE94A0} = {7FF7F314-871A-4B42-ABCB-9D2FB5D14188}
		{C355C1F4-2466-47F6-A060-17347A151009} = {603D29D9-83CE-4B81-BD59-A77F529E4494}
		{FC480F2E-ACBC-467F-B6D4-6DF7156691B8} = {603D29D9-83CE-4B81-BD59-A77F529E4494}
		{F33FA6E6-8D2E-42E7-8538-3437D1E996CA} = {7FF7F314-871A-4B42-ABCB-9D2FB5D14188}
		{515C2B3A-3A21-4EC9-9103-B3F841490B1B} = {695B6CC9-6267-41E3-A086-3C6B9A180A34}
		{BE87AA32-91C2-47EF-93F2-097526A900AB} = {603D29D9-83CE-4B81-BD59-A77F529E4494}
		{EB0EAFB9-264C-4A54-99AA-CBA21E4AC3EA} = {7FF7F314-871A-4B42-ABCB-9D2FB5D14188}
		{EF96A94B-BCB9-40ED-BB61-E131D2FBB380} = {7FF7F314-871A-4B42-ABCB-9D2FB5D14188}
	EndGlobalSection
	GlobalSection(ExtensibilityGlobals) = postSolution
		SolutionGuid = {080E7EAE-7559-464B-9A8F-F5218D35AB8A}
	EndGlobalSection
EndGlobal
