
Microsoft Visual Studio Solution File, Format Version 12.00
# Visual Studio 15
VisualStudioVersion = 15.0.28010.0
MinimumVisualStudioVersion = 10.0.40219.1
Project("{9A19103F-16F7-4668-BE54-9A1E7A4F7556}") = "ZigbeeNet", "ZigbeeNet\ZigbeeNet.csproj", "{33F9BDE4-2E9F-4304-BE71-32954A80DED4}"
EndProject
Project("{9A19103F-16F7-4668-BE54-9A1E7A4F7556}") = "ZigbeeNet.TI", "ZigbeeNet.TI\ZigbeeNet.TI.csproj", "{A3B783DA-B14E-431B-A960-311EC29EFC1B}"
EndProject
Project("{9A19103F-16F7-4668-BE54-9A1E7A4F7556}") = "ZigbeeNet.Zcl", "ZigbeeNet.Zcl\ZigbeeNet.Zcl.csproj", "{B4C6FC75-F683-454D-BAE0-1CECDAD65C7A}"
EndProject
Global
	GlobalSection(SolutionConfigurationPlatforms) = preSolution
		Debug|Any CPU = Debug|Any CPU
		Release|Any CPU = Release|Any CPU
	EndGlobalSection
	GlobalSection(ProjectConfigurationPlatforms) = postSolution
		{33F9BDE4-2E9F-4304-BE71-32954A80DED4}.Debug|Any CPU.ActiveCfg = Debug|Any CPU
		{33F9BDE4-2E9F-4304-BE71-32954A80DED4}.Debug|Any CPU.Build.0 = Debug|Any CPU
		{33F9BDE4-2E9F-4304-BE71-32954A80DED4}.Release|Any CPU.ActiveCfg = Release|Any CPU
		{33F9BDE4-2E9F-4304-BE71-32954A80DED4}.Release|Any CPU.Build.0 = Release|Any CPU
		{A3B783DA-B14E-431B-A960-311EC29EFC1B}.Debug|Any CPU.ActiveCfg = Debug|Any CPU
		{A3B783DA-B14E-431B-A960-311EC29EFC1B}.Debug|Any CPU.Build.0 = Debug|Any CPU
		{A3B783DA-B14E-431B-A960-311EC29EFC1B}.Release|Any CPU.ActiveCfg = Release|Any CPU
		{A3B783DA-B14E-431B-A960-311EC29EFC1B}.Release|Any CPU.Build.0 = Release|Any CPU
		{B4C6FC75-F683-454D-BAE0-1CECDAD65C7A}.Debug|Any CPU.ActiveCfg = Debug|Any CPU
		{B4C6FC75-F683-454D-BAE0-1CECDAD65C7A}.Debug|Any CPU.Build.0 = Debug|Any CPU
		{B4C6FC75-F683-454D-BAE0-1CECDAD65C7A}.Release|Any CPU.ActiveCfg = Release|Any CPU
		{B4C6FC75-F683-454D-BAE0-1CECDAD65C7A}.Release|Any CPU.Build.0 = Release|Any CPU
	EndGlobalSection
	GlobalSection(SolutionProperties) = preSolution
		HideSolutionNode = FALSE
	EndGlobalSection
	GlobalSection(ExtensibilityGlobals) = postSolution
		SolutionGuid = {080E7EAE-7559-464B-9A8F-F5218D35AB8A}
	EndGlobalSection
EndGlobal
