
Microsoft Visual Studio Solution File, Format Version 12.00
# Visual Studio 15
VisualStudioVersion = 15.0.28010.0
MinimumVisualStudioVersion = 10.0.40219.1
Project("{9A19103F-16F7-4668-BE54-9A1E7A4F7556}") = "ZigbeeNet", "ZigbeeNet\ZigbeeNet.csproj", "{33F9BDE4-2E9F-4304-BE71-32954A80DED4}"
EndProject
Project("{9A19103F-16F7-4668-BE54-9A1E7A4F7556}") = "ZigbeeNet.ZCL", "ZigbeeNet.ZCL\ZigbeeNet.ZCL.csproj", "{5F212E87-E3F1-4256-A770-646F1B353BF6}"
EndProject
Project("{9A19103F-16F7-4668-BE54-9A1E7A4F7556}") = "ZigbeeNet.CC", "ZigbeeNet.CCZnp\ZigbeeNet.CC.csproj", "{0F2DBCC2-FDDD-4C04-8394-C5F274952546}"
EndProject
Project("{FAE04EC0-301F-11D3-BF4B-00C04F79EFBC}") = "ZigbeeNet.PlayGround", "ZigbeeNet.PlayGround\ZigbeeNet.PlayGround.csproj", "{1D0133F3-E6FB-4D1A-8464-59287407FDED}"
EndProject
Global
	GlobalSection(SolutionConfigurationPlatforms) = preSolution
		Debug|Any CPU = Debug|Any CPU
		Release|Any CPU = Release|Any CPU
	EndGlobalSection
	GlobalSection(ProjectConfigurationPlatforms) = postSolution
		{33F9BDE4-2E9F-4304-BE71-32954A80DED4}.Debug|Any CPU.ActiveCfg = Debug|Any CPU
		{33F9BDE4-2E9F-4304-BE71-32954A80DED4}.Debug|Any CPU.Build.0 = Debug|Any CPU
		{33F9BDE4-2E9F-4304-BE71-32954A80DED4}.Release|Any CPU.ActiveCfg = Release|Any CPU
		{33F9BDE4-2E9F-4304-BE71-32954A80DED4}.Release|Any CPU.Build.0 = Release|Any CPU
		{5F212E87-E3F1-4256-A770-646F1B353BF6}.Debug|Any CPU.ActiveCfg = Debug|Any CPU
		{5F212E87-E3F1-4256-A770-646F1B353BF6}.Debug|Any CPU.Build.0 = Debug|Any CPU
		{5F212E87-E3F1-4256-A770-646F1B353BF6}.Release|Any CPU.ActiveCfg = Release|Any CPU
		{5F212E87-E3F1-4256-A770-646F1B353BF6}.Release|Any CPU.Build.0 = Release|Any CPU
		{0F2DBCC2-FDDD-4C04-8394-C5F274952546}.Debug|Any CPU.ActiveCfg = Debug|Any CPU
		{0F2DBCC2-FDDD-4C04-8394-C5F274952546}.Debug|Any CPU.Build.0 = Debug|Any CPU
		{0F2DBCC2-FDDD-4C04-8394-C5F274952546}.Release|Any CPU.ActiveCfg = Release|Any CPU
		{0F2DBCC2-FDDD-4C04-8394-C5F274952546}.Release|Any CPU.Build.0 = Release|Any CPU
		{1D0133F3-E6FB-4D1A-8464-59287407FDED}.Debug|Any CPU.ActiveCfg = Debug|Any CPU
		{1D0133F3-E6FB-4D1A-8464-59287407FDED}.Debug|Any CPU.Build.0 = Debug|Any CPU
		{1D0133F3-E6FB-4D1A-8464-59287407FDED}.Release|Any CPU.ActiveCfg = Release|Any CPU
		{1D0133F3-E6FB-4D1A-8464-59287407FDED}.Release|Any CPU.Build.0 = Release|Any CPU
	EndGlobalSection
	GlobalSection(SolutionProperties) = preSolution
		HideSolutionNode = FALSE
	EndGlobalSection
	GlobalSection(ExtensibilityGlobals) = postSolution
		SolutionGuid = {080E7EAE-7559-464B-9A8F-F5218D35AB8A}
	EndGlobalSection
EndGlobal
